<?xml version="1.0" encoding="utf-8"?>
<Project ToolsVersion="4.0" xmlns="http://schemas.microsoft.com/developer/msbuild/2003">
  <ItemGroup>
    <Filter Include="unix">
      <UniqueIdentifier>{77b554fd-b1f9-47fc-a10a-69a5ab3a4e4e}</UniqueIdentifier>
    </Filter>
    <Filter Include="tests">
      <UniqueIdentifier>{b043fee6-9343-4187-b6a3-d448bec48d39}</UniqueIdentifier>
    </Filter>
    <Filter Include="helper">
      <UniqueIdentifier>{3fa5d8e3-046e-4afd-a837-c8ea2ad4de10}</UniqueIdentifier>
    </Filter>
    <Filter Include="data">
      <UniqueIdentifier>{bd55417f-0c79-4009-8c75-863e22227316}</UniqueIdentifier>
    </Filter>
  </ItemGroup>
  <ItemGroup>
    <None Include="makefile">
      <Filter>unix</Filter>
    </None>
    <None Include="utproperty.cfg">
      <Filter>helper</Filter>
    </None>
    <None Include="data\basar.config.xml">
      <Filter>data</Filter>
    </None>
    <None Include="data\utproperty.cfg">
      <Filter>data</Filter>
    </None>
  </ItemGroup>
  <ItemGroup>
    <ClCompile Include="algorithm.cpp">
      <Filter>tests</Filter>
    </ClCompile>
    <ClCompile Include="iterator.cpp">
      <Filter>tests</Filter>
    </ClCompile>
    <ClCompile Include="propany.cpp">
      <Filter>tests</Filter>
    </ClCompile>
    <ClCompile Include="propertydescription.cpp">
      <Filter>tests</Filter>
    </ClCompile>
    <ClCompile Include="propertydescriptionlistref.cpp">
      <Filter>tests</Filter>
    </ClCompile>
    <ClCompile Include="propertystateset.cpp">
      <Filter>tests</Filter>
    </ClCompile>
    <ClCompile Include="propertytable.cpp">
      <Filter>tests</Filter>
    </ClCompile>
    <ClCompile Include="propertytableyiterator.cpp">
      <Filter>tests</Filter>
    </ClCompile>
    <ClCompile Include="loggerpool.cpp">
      <Filter>helper</Filter>
    </ClCompile>
    <ClCompile Include="main.cpp" />
    <ClCompile Include="propertydescriptionlist_iterator.cpp">
      <Filter>tests</Filter>
    </ClCompile>
  </ItemGroup>
  <ItemGroup>
    <ClInclude Include="loggerpool.h">
      <Filter>helper</Filter>
    </ClInclude>
  </ItemGroup>
</Project>